<?xml version="1.0" encoding="utf-8"?>
<Project ToolsVersion="16.0" xmlns="http://schemas.microsoft.com/developer/msbuild/2003">
  <ItemGroup>
    <CustomBuild Include="C:\Users\eglis\localRepositories\FRUT\cmake\tools\_build\Visual Studio 16 2019\CMakeFiles\fd60fc58c54424d7985892bd07052145\INSTALL_force.rule">
      <Filter>CMake Rules</Filter>
    </CustomBuild>
  </ItemGroup>
  <ItemGroup>
    <Filter Include="CMake Rules">
      <UniqueIdentifier>{8A83FB3D-A910-3A3D-BB56-E6F81942A59B}</UniqueIdentifier>
    </Filter>
  </ItemGroup>
</Project>
